
Microsoft Visual Studio Solution File, Format Version 12.00
# Visual Studio Version 16
VisualStudioVersion = 16.0.31112.23
MinimumVisualStudioVersion = 10.0.40219.1
Project("{FAE04EC0-301F-11D3-BF4B-00C04F79EFBC}") = "API", "API.csproj", "{67D0C162-6B68-4645-9B01-B3FE73FECEDB}"
EndProject
Global
	GlobalSection(SolutionConfigurationPlatforms) = preSolution
		Debug|Any CPU = Debug|Any CPU
		Release|Any CPU = Release|Any CPU
	EndGlobalSection
	GlobalSection(ProjectConfigurationPlatforms) = postSolution
		{67D0C162-6B68-4645-9B01-B3FE73FECEDB}.Debug|Any CPU.ActiveCfg = Debug|Any CPU
		{67D0C162-6B68-4645-9B01-B3FE73FECEDB}.Debug|Any CPU.Build.0 = Debug|Any CPU
		{67D0C162-6B68-4645-9B01-B3FE73FECEDB}.Release|Any CPU.ActiveCfg = Release|Any CPU
		{67D0C162-6B68-4645-9B01-B3FE73FECEDB}.Release|Any CPU.Build.0 = Release|Any CPU
	EndGlobalSection
	GlobalSection(SolutionProperties) = preSolution
		HideSolutionNode = FALSE
	EndGlobalSection
	GlobalSection(ExtensibilityGlobals) = postSolution
		SolutionGuid = {460D32B1-803C-4EE8-8302-189179C17BED}
	EndGlobalSection
EndGlobal
